
Microsoft Visual Studio Solution File, Format Version 12.00
# Visual Studio Version 16
VisualStudioVersion = 16.0.30907.101
MinimumVisualStudioVersion = 10.0.40219.1
Project("{FAE04EC0-301F-11D3-BF4B-00C04F79EFBC}") = "AADS", "AADS\AADS.csproj", "{42667CDD-68AA-4999-A034-38B3F6F6F49F}"
EndProject
Global
	GlobalSection(SolutionConfigurationPlatforms) = preSolution
		Debug|Any CPU = Debug|Any CPU
		Release|Any CPU = Release|Any CPU
	EndGlobalSection
	GlobalSection(ProjectConfigurationPlatforms) = postSolution
		{42667CDD-68AA-4999-A034-38B3F6F6F49F}.Debug|Any CPU.ActiveCfg = Debug|Any CPU
		{42667CDD-68AA-4999-A034-38B3F6F6F49F}.Debug|Any CPU.Build.0 = Debug|Any CPU
		{42667CDD-68AA-4999-A034-38B3F6F6F49F}.Release|Any CPU.ActiveCfg = Release|Any CPU
		{42667CDD-68AA-4999-A034-38B3F6F6F49F}.Release|Any CPU.Build.0 = Release|Any CPU
	EndGlobalSection
	GlobalSection(SolutionProperties) = preSolution
		HideSolutionNode = FALSE
	EndGlobalSection
	GlobalSection(ExtensibilityGlobals) = postSolution
		SolutionGuid = {FCD83E68-56FB-4F6D-B56F-DE00DB1C15F4}
	EndGlobalSection
EndGlobal
